{
  "requires": true,
  "lockfileVersion": 1,
  "dependencies": {
    "@typeform/embed": {
      "version": "2.0.1",
      "resolved": "https://registry.npmjs.org/@typeform/embed/-/embed-2.0.1.tgz",
      "integrity": "sha512-FeYgDtUAhFrCD7L7iAO65jzLUoPVXRbNjsXe7YQLgLinGpLeVXuwuOuzYagrVl3IQ3Ykmi4sA2LZr29LaMTA7w=="
    }
  }
}
